
Microsoft Visual Studio Solution File, Format Version 12.00
# Visual Studio Version 16
VisualStudioVersion = 16.0.31624.102
MinimumVisualStudioVersion = 10.0.40219.1
Project("{FAE04EC0-301F-11D3-BF4B-00C04F79EFBC}") = "WpfAppCheckBox", "WpfAppCheckBox\WpfAppCheckBox.csproj", "{779BA94B-5071-4367-807D-872580A57285}"
EndProject
Global
	GlobalSection(SolutionConfigurationPlatforms) = preSolution
		Debug|Any CPU = Debug|Any CPU
		Release|Any CPU = Release|Any CPU
	EndGlobalSection
	GlobalSection(ProjectConfigurationPlatforms) = postSolution
		{779BA94B-5071-4367-807D-872580A57285}.Debug|Any CPU.ActiveCfg = Debug|Any CPU
		{779BA94B-5071-4367-807D-872580A57285}.Debug|Any CPU.Build.0 = Debug|Any CPU
		{779BA94B-5071-4367-807D-872580A57285}.Release|Any CPU.ActiveCfg = Release|Any CPU
		{779BA94B-5071-4367-807D-872580A57285}.Release|Any CPU.Build.0 = Release|Any CPU
	EndGlobalSection
	GlobalSection(SolutionProperties) = preSolution
		HideSolutionNode = FALSE
	EndGlobalSection
	GlobalSection(ExtensibilityGlobals) = postSolution
		SolutionGuid = {2A6E1D79-0F06-4D2E-846C-FD383DFAE9E8}
	EndGlobalSection
EndGlobal
