
Microsoft Visual Studio Solution File, Format Version 12.00
# Visual Studio Version 16
VisualStudioVersion = 16.0.31624.102
MinimumVisualStudioVersion = 10.0.40219.1
Project("{FAE04EC0-301F-11D3-BF4B-00C04F79EFBC}") = "LambdaExpressions", "LambdaExpressions\LambdaExpressions.csproj", "{D52C83D2-AC79-47C9-A263-D5C28FD67BEC}"
EndProject
Global
	GlobalSection(SolutionConfigurationPlatforms) = preSolution
		Debug|Any CPU = Debug|Any CPU
		Release|Any CPU = Release|Any CPU
	EndGlobalSection
	GlobalSection(ProjectConfigurationPlatforms) = postSolution
		{D52C83D2-AC79-47C9-A263-D5C28FD67BEC}.Debug|Any CPU.ActiveCfg = Debug|Any CPU
		{D52C83D2-AC79-47C9-A263-D5C28FD67BEC}.Debug|Any CPU.Build.0 = Debug|Any CPU
		{D52C83D2-AC79-47C9-A263-D5C28FD67BEC}.Release|Any CPU.ActiveCfg = Release|Any CPU
		{D52C83D2-AC79-47C9-A263-D5C28FD67BEC}.Release|Any CPU.Build.0 = Release|Any CPU
	EndGlobalSection
	GlobalSection(SolutionProperties) = preSolution
		HideSolutionNode = FALSE
	EndGlobalSection
	GlobalSection(ExtensibilityGlobals) = postSolution
		SolutionGuid = {AE92FF03-6DB8-49ED-98CD-AE71FDEE43CE}
	EndGlobalSection
EndGlobal
