
Microsoft Visual Studio Solution File, Format Version 12.00
# Visual Studio Version 16
VisualStudioVersion = 16.0.31624.102
MinimumVisualStudioVersion = 10.0.40219.1
Project("{FAE04EC0-301F-11D3-BF4B-00C04F79EFBC}") = "Jagged Array Challenge", "Jagged Array Challenge\Jagged Array Challenge.csproj", "{58EC2633-024D-411B-A621-2C60B237BBA3}"
EndProject
Global
	GlobalSection(SolutionConfigurationPlatforms) = preSolution
		Debug|Any CPU = Debug|Any CPU
		Release|Any CPU = Release|Any CPU
	EndGlobalSection
	GlobalSection(ProjectConfigurationPlatforms) = postSolution
		{58EC2633-024D-411B-A621-2C60B237BBA3}.Debug|Any CPU.ActiveCfg = Debug|Any CPU
		{58EC2633-024D-411B-A621-2C60B237BBA3}.Debug|Any CPU.Build.0 = Debug|Any CPU
		{58EC2633-024D-411B-A621-2C60B237BBA3}.Release|Any CPU.ActiveCfg = Release|Any CPU
		{58EC2633-024D-411B-A621-2C60B237BBA3}.Release|Any CPU.Build.0 = Release|Any CPU
	EndGlobalSection
	GlobalSection(SolutionProperties) = preSolution
		HideSolutionNode = FALSE
	EndGlobalSection
	GlobalSection(ExtensibilityGlobals) = postSolution
		SolutionGuid = {6DF48648-E847-44E7-8D80-1B6CE8F693D7}
	EndGlobalSection
EndGlobal
