
Microsoft Visual Studio Solution File, Format Version 12.00
# Visual Studio Version 16
VisualStudioVersion = 16.0.31624.102
MinimumVisualStudioVersion = 10.0.40219.1
Project("{FAE04EC0-301F-11D3-BF4B-00C04F79EFBC}") = "FizzBuzzTestDrivenDevelopmentTDD", "FizzBuzzTestDrivenDevelopmentTDD\FizzBuzzTestDrivenDevelopmentTDD.csproj", "{1EE1936E-2480-44AA-BDC5-47C41E68219A}"
EndProject
Project("{FAE04EC0-301F-11D3-BF4B-00C04F79EFBC}") = "FizzBuzz.Library", "FizzBuzz.Library\FizzBuzz.Library.csproj", "{CA6E2F28-AC86-4064-B362-32E4126A935A}"
EndProject
Project("{FAE04EC0-301F-11D3-BF4B-00C04F79EFBC}") = "FizzBuzz.Library.UnitTests", "FizzBuzz.Library.UnitTests\FizzBuzz.Library.UnitTests.csproj", "{4B7640DC-7563-4BD7-AC0B-EF4E3CF81784}"
EndProject
Global
	GlobalSection(SolutionConfigurationPlatforms) = preSolution
		Debug|Any CPU = Debug|Any CPU
		Release|Any CPU = Release|Any CPU
	EndGlobalSection
	GlobalSection(ProjectConfigurationPlatforms) = postSolution
		{1EE1936E-2480-44AA-BDC5-47C41E68219A}.Debug|Any CPU.ActiveCfg = Debug|Any CPU
		{1EE1936E-2480-44AA-BDC5-47C41E68219A}.Debug|Any CPU.Build.0 = Debug|Any CPU
		{1EE1936E-2480-44AA-BDC5-47C41E68219A}.Release|Any CPU.ActiveCfg = Release|Any CPU
		{1EE1936E-2480-44AA-BDC5-47C41E68219A}.Release|Any CPU.Build.0 = Release|Any CPU
		{CA6E2F28-AC86-4064-B362-32E4126A935A}.Debug|Any CPU.ActiveCfg = Debug|Any CPU
		{CA6E2F28-AC86-4064-B362-32E4126A935A}.Debug|Any CPU.Build.0 = Debug|Any CPU
		{CA6E2F28-AC86-4064-B362-32E4126A935A}.Release|Any CPU.ActiveCfg = Release|Any CPU
		{CA6E2F28-AC86-4064-B362-32E4126A935A}.Release|Any CPU.Build.0 = Release|Any CPU
		{4B7640DC-7563-4BD7-AC0B-EF4E3CF81784}.Debug|Any CPU.ActiveCfg = Debug|Any CPU
		{4B7640DC-7563-4BD7-AC0B-EF4E3CF81784}.Debug|Any CPU.Build.0 = Debug|Any CPU
		{4B7640DC-7563-4BD7-AC0B-EF4E3CF81784}.Release|Any CPU.ActiveCfg = Release|Any CPU
		{4B7640DC-7563-4BD7-AC0B-EF4E3CF81784}.Release|Any CPU.Build.0 = Release|Any CPU
	EndGlobalSection
	GlobalSection(SolutionProperties) = preSolution
		HideSolutionNode = FALSE
	EndGlobalSection
	GlobalSection(ExtensibilityGlobals) = postSolution
		SolutionGuid = {C3056C42-6C46-456D-BEA5-37325C51C606}
	EndGlobalSection
EndGlobal
