
Microsoft Visual Studio Solution File, Format Version 12.00
# Visual Studio Version 16
VisualStudioVersion = 16.0.31624.102
MinimumVisualStudioVersion = 10.0.40219.1
Project("{FAE04EC0-301F-11D3-BF4B-00C04F79EFBC}") = "ReadToAFile", "ReadToAFile\ReadToAFile.csproj", "{DB31537F-C2C1-4866-9CD6-B857B0F465BC}"
EndProject
Global
	GlobalSection(SolutionConfigurationPlatforms) = preSolution
		Debug|Any CPU = Debug|Any CPU
		Release|Any CPU = Release|Any CPU
	EndGlobalSection
	GlobalSection(ProjectConfigurationPlatforms) = postSolution
		{DB31537F-C2C1-4866-9CD6-B857B0F465BC}.Debug|Any CPU.ActiveCfg = Debug|Any CPU
		{DB31537F-C2C1-4866-9CD6-B857B0F465BC}.Debug|Any CPU.Build.0 = Debug|Any CPU
		{DB31537F-C2C1-4866-9CD6-B857B0F465BC}.Release|Any CPU.ActiveCfg = Release|Any CPU
		{DB31537F-C2C1-4866-9CD6-B857B0F465BC}.Release|Any CPU.Build.0 = Release|Any CPU
	EndGlobalSection
	GlobalSection(SolutionProperties) = preSolution
		HideSolutionNode = FALSE
	EndGlobalSection
	GlobalSection(ExtensibilityGlobals) = postSolution
		SolutionGuid = {4DF98006-78CF-4B57-9945-C395A2FD9452}
	EndGlobalSection
EndGlobal
