
Microsoft Visual Studio Solution File, Format Version 12.00
# Visual Studio Version 16
VisualStudioVersion = 16.0.31624.102
MinimumVisualStudioVersion = 10.0.40219.1
Project("{FAE04EC0-301F-11D3-BF4B-00C04F79EFBC}") = "Lambda Expression", "Lambda Expression\Lambda Expression.csproj", "{DAE6DAC3-1549-41DE-960A-D035BF6E6F63}"
EndProject
Global
	GlobalSection(SolutionConfigurationPlatforms) = preSolution
		Debug|Any CPU = Debug|Any CPU
		Release|Any CPU = Release|Any CPU
	EndGlobalSection
	GlobalSection(ProjectConfigurationPlatforms) = postSolution
		{DAE6DAC3-1549-41DE-960A-D035BF6E6F63}.Debug|Any CPU.ActiveCfg = Debug|Any CPU
		{DAE6DAC3-1549-41DE-960A-D035BF6E6F63}.Debug|Any CPU.Build.0 = Debug|Any CPU
		{DAE6DAC3-1549-41DE-960A-D035BF6E6F63}.Release|Any CPU.ActiveCfg = Release|Any CPU
		{DAE6DAC3-1549-41DE-960A-D035BF6E6F63}.Release|Any CPU.Build.0 = Release|Any CPU
	EndGlobalSection
	GlobalSection(SolutionProperties) = preSolution
		HideSolutionNode = FALSE
	EndGlobalSection
	GlobalSection(ExtensibilityGlobals) = postSolution
		SolutionGuid = {F9D8A58A-51BC-4882-89D8-E32983054820}
	EndGlobalSection
EndGlobal
