
Microsoft Visual Studio Solution File, Format Version 12.00
# Visual Studio Version 16
VisualStudioVersion = 16.0.31624.102
MinimumVisualStudioVersion = 10.0.40219.1
Project("{FAE04EC0-301F-11D3-BF4B-00C04F79EFBC}") = "WpfAppComboBox", "WpfAppComboBox\WpfAppComboBox.csproj", "{7173F9E3-39EF-4A1E-A9D0-2F8D4483B027}"
EndProject
Global
	GlobalSection(SolutionConfigurationPlatforms) = preSolution
		Debug|Any CPU = Debug|Any CPU
		Release|Any CPU = Release|Any CPU
	EndGlobalSection
	GlobalSection(ProjectConfigurationPlatforms) = postSolution
		{7173F9E3-39EF-4A1E-A9D0-2F8D4483B027}.Debug|Any CPU.ActiveCfg = Debug|Any CPU
		{7173F9E3-39EF-4A1E-A9D0-2F8D4483B027}.Debug|Any CPU.Build.0 = Debug|Any CPU
		{7173F9E3-39EF-4A1E-A9D0-2F8D4483B027}.Release|Any CPU.ActiveCfg = Release|Any CPU
		{7173F9E3-39EF-4A1E-A9D0-2F8D4483B027}.Release|Any CPU.Build.0 = Release|Any CPU
	EndGlobalSection
	GlobalSection(SolutionProperties) = preSolution
		HideSolutionNode = FALSE
	EndGlobalSection
	GlobalSection(ExtensibilityGlobals) = postSolution
		SolutionGuid = {AFD4A077-1A10-4116-8BB8-D775833673B1}
	EndGlobalSection
EndGlobal
