
Microsoft Visual Studio Solution File, Format Version 12.00
# Visual Studio Version 16
VisualStudioVersion = 16.0.31624.102
MinimumVisualStudioVersion = 10.0.40219.1
Project("{FAE04EC0-301F-11D3-BF4B-00C04F79EFBC}") = "ChallengeStringandItsMethods", "ChallengeStringandItsMethods\ChallengeStringandItsMethods.csproj", "{4EBF9610-BC54-4540-B27B-7B049A6DF798}"
EndProject
Global
	GlobalSection(SolutionConfigurationPlatforms) = preSolution
		Debug|Any CPU = Debug|Any CPU
		Release|Any CPU = Release|Any CPU
	EndGlobalSection
	GlobalSection(ProjectConfigurationPlatforms) = postSolution
		{4EBF9610-BC54-4540-B27B-7B049A6DF798}.Debug|Any CPU.ActiveCfg = Debug|Any CPU
		{4EBF9610-BC54-4540-B27B-7B049A6DF798}.Debug|Any CPU.Build.0 = Debug|Any CPU
		{4EBF9610-BC54-4540-B27B-7B049A6DF798}.Release|Any CPU.ActiveCfg = Release|Any CPU
		{4EBF9610-BC54-4540-B27B-7B049A6DF798}.Release|Any CPU.Build.0 = Release|Any CPU
	EndGlobalSection
	GlobalSection(SolutionProperties) = preSolution
		HideSolutionNode = FALSE
	EndGlobalSection
	GlobalSection(ExtensibilityGlobals) = postSolution
		SolutionGuid = {0D1E884B-D704-4773-9A53-1591A7075723}
	EndGlobalSection
EndGlobal
