
Microsoft Visual Studio Solution File, Format Version 12.00
# Visual Studio Version 16
VisualStudioVersion = 16.0.31624.102
MinimumVisualStudioVersion = 10.0.40219.1
Project("{FAE04EC0-301F-11D3-BF4B-00C04F79EFBC}") = "IEnumerable Example 1", "IEnumerable Example 1\IEnumerable Example 1.csproj", "{733A4115-EC2D-47A7-8123-7A480C54D577}"
EndProject
Global
	GlobalSection(SolutionConfigurationPlatforms) = preSolution
		Debug|Any CPU = Debug|Any CPU
		Release|Any CPU = Release|Any CPU
	EndGlobalSection
	GlobalSection(ProjectConfigurationPlatforms) = postSolution
		{733A4115-EC2D-47A7-8123-7A480C54D577}.Debug|Any CPU.ActiveCfg = Debug|Any CPU
		{733A4115-EC2D-47A7-8123-7A480C54D577}.Debug|Any CPU.Build.0 = Debug|Any CPU
		{733A4115-EC2D-47A7-8123-7A480C54D577}.Release|Any CPU.ActiveCfg = Release|Any CPU
		{733A4115-EC2D-47A7-8123-7A480C54D577}.Release|Any CPU.Build.0 = Release|Any CPU
	EndGlobalSection
	GlobalSection(SolutionProperties) = preSolution
		HideSolutionNode = FALSE
	EndGlobalSection
	GlobalSection(ExtensibilityGlobals) = postSolution
		SolutionGuid = {1113DD75-6B06-4B83-82F6-1DA507BD2A69}
	EndGlobalSection
EndGlobal
