
Microsoft Visual Studio Solution File, Format Version 12.00
# Visual Studio Version 16
VisualStudioVersion = 16.0.31624.102
MinimumVisualStudioVersion = 10.0.40219.1
Project("{FAE04EC0-301F-11D3-BF4B-00C04F79EFBC}") = "RegularExpression", "RegularExpression\RegularExpression.csproj", "{CCA31539-300D-4585-894F-1FE0B7D65C97}"
EndProject
Global
	GlobalSection(SolutionConfigurationPlatforms) = preSolution
		Debug|Any CPU = Debug|Any CPU
		Release|Any CPU = Release|Any CPU
	EndGlobalSection
	GlobalSection(ProjectConfigurationPlatforms) = postSolution
		{CCA31539-300D-4585-894F-1FE0B7D65C97}.Debug|Any CPU.ActiveCfg = Debug|Any CPU
		{CCA31539-300D-4585-894F-1FE0B7D65C97}.Debug|Any CPU.Build.0 = Debug|Any CPU
		{CCA31539-300D-4585-894F-1FE0B7D65C97}.Release|Any CPU.ActiveCfg = Release|Any CPU
		{CCA31539-300D-4585-894F-1FE0B7D65C97}.Release|Any CPU.Build.0 = Release|Any CPU
	EndGlobalSection
	GlobalSection(SolutionProperties) = preSolution
		HideSolutionNode = FALSE
	EndGlobalSection
	GlobalSection(ExtensibilityGlobals) = postSolution
		SolutionGuid = {A91E5282-CAB0-442A-BE0E-34F0B6910CD9}
	EndGlobalSection
EndGlobal
