
Microsoft Visual Studio Solution File, Format Version 12.00
# Visual Studio Version 16
VisualStudioVersion = 16.0.31624.102
MinimumVisualStudioVersion = 10.0.40219.1
Project("{FAE04EC0-301F-11D3-BF4B-00C04F79EFBC}") = "Challenge-DataTypeAndVariable", "Challenge-DataTypeAndVariable\Challenge-DataTypeAndVariable.csproj", "{4139A259-0D3D-4FD4-ABFF-E2BD49D34AA3}"
EndProject
Global
	GlobalSection(SolutionConfigurationPlatforms) = preSolution
		Debug|Any CPU = Debug|Any CPU
		Release|Any CPU = Release|Any CPU
	EndGlobalSection
	GlobalSection(ProjectConfigurationPlatforms) = postSolution
		{4139A259-0D3D-4FD4-ABFF-E2BD49D34AA3}.Debug|Any CPU.ActiveCfg = Debug|Any CPU
		{4139A259-0D3D-4FD4-ABFF-E2BD49D34AA3}.Debug|Any CPU.Build.0 = Debug|Any CPU
		{4139A259-0D3D-4FD4-ABFF-E2BD49D34AA3}.Release|Any CPU.ActiveCfg = Release|Any CPU
		{4139A259-0D3D-4FD4-ABFF-E2BD49D34AA3}.Release|Any CPU.Build.0 = Release|Any CPU
	EndGlobalSection
	GlobalSection(SolutionProperties) = preSolution
		HideSolutionNode = FALSE
	EndGlobalSection
	GlobalSection(ExtensibilityGlobals) = postSolution
		SolutionGuid = {2AA83D58-76AF-4666-8532-C5BC076F56EF}
	EndGlobalSection
EndGlobal
