
Microsoft Visual Studio Solution File, Format Version 12.00
# Visual Studio Version 16
VisualStudioVersion = 16.0.31624.102
MinimumVisualStudioVersion = 10.0.40219.1
Project("{FAE04EC0-301F-11D3-BF4B-00C04F79EFBC}") = "FileIORead", "FileIORead\FileIORead.csproj", "{C068B1D3-6DD9-4485-A39D-D8AC7785C88A}"
EndProject
Global
	GlobalSection(SolutionConfigurationPlatforms) = preSolution
		Debug|Any CPU = Debug|Any CPU
		Release|Any CPU = Release|Any CPU
	EndGlobalSection
	GlobalSection(ProjectConfigurationPlatforms) = postSolution
		{C068B1D3-6DD9-4485-A39D-D8AC7785C88A}.Debug|Any CPU.ActiveCfg = Debug|Any CPU
		{C068B1D3-6DD9-4485-A39D-D8AC7785C88A}.Debug|Any CPU.Build.0 = Debug|Any CPU
		{C068B1D3-6DD9-4485-A39D-D8AC7785C88A}.Release|Any CPU.ActiveCfg = Release|Any CPU
		{C068B1D3-6DD9-4485-A39D-D8AC7785C88A}.Release|Any CPU.Build.0 = Release|Any CPU
	EndGlobalSection
	GlobalSection(SolutionProperties) = preSolution
		HideSolutionNode = FALSE
	EndGlobalSection
	GlobalSection(ExtensibilityGlobals) = postSolution
		SolutionGuid = {B4BB2184-DE6A-42F4-8210-632E9E803B88}
	EndGlobalSection
EndGlobal
