
Microsoft Visual Studio Solution File, Format Version 12.00
# Visual Studio Version 16
VisualStudioVersion = 16.0.31624.102
MinimumVisualStudioVersion = 10.0.40219.1
Project("{FAE04EC0-301F-11D3-BF4B-00C04F79EFBC}") = "Challenge-Loop1-Average", "Challenge-Loop1-Average\Challenge-Loop1-Average.csproj", "{D12A2FE0-7E03-4532-806E-D434E3BFB7F2}"
EndProject
Global
	GlobalSection(SolutionConfigurationPlatforms) = preSolution
		Debug|Any CPU = Debug|Any CPU
		Release|Any CPU = Release|Any CPU
	EndGlobalSection
	GlobalSection(ProjectConfigurationPlatforms) = postSolution
		{D12A2FE0-7E03-4532-806E-D434E3BFB7F2}.Debug|Any CPU.ActiveCfg = Debug|Any CPU
		{D12A2FE0-7E03-4532-806E-D434E3BFB7F2}.Debug|Any CPU.Build.0 = Debug|Any CPU
		{D12A2FE0-7E03-4532-806E-D434E3BFB7F2}.Release|Any CPU.ActiveCfg = Release|Any CPU
		{D12A2FE0-7E03-4532-806E-D434E3BFB7F2}.Release|Any CPU.Build.0 = Release|Any CPU
	EndGlobalSection
	GlobalSection(SolutionProperties) = preSolution
		HideSolutionNode = FALSE
	EndGlobalSection
	GlobalSection(ExtensibilityGlobals) = postSolution
		SolutionGuid = {749A320E-32DF-4A93-AB65-6BD9434CE011}
	EndGlobalSection
EndGlobal
