
Microsoft Visual Studio Solution File, Format Version 12.00
# Visual Studio Version 16
VisualStudioVersion = 16.0.31624.102
MinimumVisualStudioVersion = 10.0.40219.1
Project("{FAE04EC0-301F-11D3-BF4B-00C04F79EFBC}") = "DJEndOfDaySummary", "DJEndOfDaySummary\DJEndOfDaySummary.csproj", "{C5AA50F9-382F-4F72-B706-2B429793C103}"
EndProject
Global
	GlobalSection(SolutionConfigurationPlatforms) = preSolution
		Debug|Any CPU = Debug|Any CPU
		Release|Any CPU = Release|Any CPU
	EndGlobalSection
	GlobalSection(ProjectConfigurationPlatforms) = postSolution
		{C5AA50F9-382F-4F72-B706-2B429793C103}.Debug|Any CPU.ActiveCfg = Debug|Any CPU
		{C5AA50F9-382F-4F72-B706-2B429793C103}.Debug|Any CPU.Build.0 = Debug|Any CPU
		{C5AA50F9-382F-4F72-B706-2B429793C103}.Release|Any CPU.ActiveCfg = Release|Any CPU
		{C5AA50F9-382F-4F72-B706-2B429793C103}.Release|Any CPU.Build.0 = Release|Any CPU
	EndGlobalSection
	GlobalSection(SolutionProperties) = preSolution
		HideSolutionNode = FALSE
	EndGlobalSection
	GlobalSection(ExtensibilityGlobals) = postSolution
		SolutionGuid = {5F7ABB1E-9739-490E-8AB7-CC534A359D27}
	EndGlobalSection
EndGlobal
