
Microsoft Visual Studio Solution File, Format Version 12.00
# Visual Studio Version 16
VisualStudioVersion = 16.0.31624.102
MinimumVisualStudioVersion = 10.0.40219.1
Project("{FAE04EC0-301F-11D3-BF4B-00C04F79EFBC}") = "Delagates", "Delagates\Delagates.csproj", "{8F9CF81B-752A-43A8-BFD9-724AFE8126A2}"
EndProject
Global
	GlobalSection(SolutionConfigurationPlatforms) = preSolution
		Debug|Any CPU = Debug|Any CPU
		Release|Any CPU = Release|Any CPU
	EndGlobalSection
	GlobalSection(ProjectConfigurationPlatforms) = postSolution
		{8F9CF81B-752A-43A8-BFD9-724AFE8126A2}.Debug|Any CPU.ActiveCfg = Debug|Any CPU
		{8F9CF81B-752A-43A8-BFD9-724AFE8126A2}.Debug|Any CPU.Build.0 = Debug|Any CPU
		{8F9CF81B-752A-43A8-BFD9-724AFE8126A2}.Release|Any CPU.ActiveCfg = Release|Any CPU
		{8F9CF81B-752A-43A8-BFD9-724AFE8126A2}.Release|Any CPU.Build.0 = Release|Any CPU
	EndGlobalSection
	GlobalSection(SolutionProperties) = preSolution
		HideSolutionNode = FALSE
	EndGlobalSection
	GlobalSection(ExtensibilityGlobals) = postSolution
		SolutionGuid = {B6D5CD41-7E0F-4933-BF3F-864D07E258F4}
	EndGlobalSection
EndGlobal
